{
  "name": "totem-mascot",
  "version": "1.0.0",
  "lockfileVersion": 3,
  "requires": true,
  "packages": {
    "": {
      "name": "totem-mascot",
      "version": "1.0.0",
      "license": "ISC",
      "dependencies": {
        "@zooclaw-agents/sdk": "^0.2.0"
      }
    },
    "node_modules/@zooclaw-agents/sdk": {
      "version": "0.2.0",
      "resolved": "https://registry.npmjs.org/@zooclaw-agents/sdk/-/sdk-0.2.0.tgz",
      "integrity": "sha512-HKc6TVFv2pLk7GbGzPiww21QB12OsGpD5n/RXX1Hb1pU2pVWgWUZCJgLnHy75Mnkg8jUVpuEyMV0O+6m22HXow==",
      "license": "MIT",
      "engines": {
        "node": ">=20"
      }
    }
  }
}
